
Microsoft Visual Studio Solution File, Format Version 12.00
# Visual Studio Version 17
VisualStudioVersion = 17.9.34310.174
MinimumVisualStudioVersion = 10.0.40219.1
Project("{FAE04EC0-301F-11D3-BF4B-00C04F79EFBC}") = "BlazorApp1", "BlazorApp1\BlazorApp1.csproj", "{3C379AD6-57F7-4921-A593-DCC45D0BA295}"
EndProject
Global
	GlobalSection(SolutionConfigurationPlatforms) = preSolution
		Debug|Any CPU = Debug|Any CPU
		Release|Any CPU = Release|Any CPU
	EndGlobalSection
	GlobalSection(ProjectConfigurationPlatforms) = postSolution
		{3C379AD6-57F7-4921-A593-DCC45D0BA295}.Debug|Any CPU.ActiveCfg = Debug|Any CPU
		{3C379AD6-57F7-4921-A593-DCC45D0BA295}.Debug|Any CPU.Build.0 = Debug|Any CPU
		{3C379AD6-57F7-4921-A593-DCC45D0BA295}.Release|Any CPU.ActiveCfg = Release|Any CPU
		{3C379AD6-57F7-4921-A593-DCC45D0BA295}.Release|Any CPU.Build.0 = Release|Any CPU
	EndGlobalSection
	GlobalSection(SolutionProperties) = preSolution
		HideSolutionNode = FALSE
	EndGlobalSection
	GlobalSection(ExtensibilityGlobals) = postSolution
		SolutionGuid = {60FCE89E-C97A-4283-981F-4A73D471F4B7}
	EndGlobalSection
EndGlobal
